
Microsoft Visual Studio Solution File, Format Version 12.00
# Visual Studio 15
VisualStudioVersion = 15.0.28010.2016
MinimumVisualStudioVersion = 10.0.40219.1
Project("{FAE04EC0-301F-11D3-BF4B-00C04F79EFBC}") = "TeamA", "TeamA\TeamA.csproj", "{1C924454-DF61-4BFA-8594-7FD4FCAD14AA}"
EndProject
Project("{2150E333-8FDC-42A3-9474-1A3956D46DE8}") = "Solution Items", "Solution Items", "{A4A34713-0E79-4D99-AD7F-89966F9CF666}"
	ProjectSection(SolutionItems) = preProject
		ConnectionString.txt = ConnectionString.txt
	EndProjectSection
EndProject
Global
	GlobalSection(SolutionConfigurationPlatforms) = preSolution
		Debug|Any CPU = Debug|Any CPU
		Release|Any CPU = Release|Any CPU
	EndGlobalSection
	GlobalSection(ProjectConfigurationPlatforms) = postSolution
		{1C924454-DF61-4BFA-8594-7FD4FCAD14AA}.Debug|Any CPU.ActiveCfg = Debug|Any CPU
		{1C924454-DF61-4BFA-8594-7FD4FCAD14AA}.Debug|Any CPU.Build.0 = Debug|Any CPU
		{1C924454-DF61-4BFA-8594-7FD4FCAD14AA}.Release|Any CPU.ActiveCfg = Release|Any CPU
		{1C924454-DF61-4BFA-8594-7FD4FCAD14AA}.Release|Any CPU.Build.0 = Release|Any CPU
	EndGlobalSection
	GlobalSection(SolutionProperties) = preSolution
		HideSolutionNode = FALSE
	EndGlobalSection
	GlobalSection(ExtensibilityGlobals) = postSolution
		SolutionGuid = {25A9F4EA-3AE0-484A-99F7-9EEE5A3273E3}
	EndGlobalSection
EndGlobal
